
Microsoft Visual Studio Solution File, Format Version 12.00
# Visual Studio Version 17
VisualStudioVersion = 17.14.36212.18 d17.14
MinimumVisualStudioVersion = 10.0.40219.1
Project("{FAE04EC0-301F-11D3-BF4B-00C04F79EFBC}") = "year", "year.csproj", "{D20AFEA4-2E32-4220-AA9F-58992AB984BF}"
EndProject
Global
	GlobalSection(SolutionConfigurationPlatforms) = preSolution
		Debug|Any CPU = Debug|Any CPU
		Release|Any CPU = Release|Any CPU
	EndGlobalSection
	GlobalSection(ProjectConfigurationPlatforms) = postSolution
		{D20AFEA4-2E32-4220-AA9F-58992AB984BF}.Debug|Any CPU.ActiveCfg = Debug|Any CPU
		{D20AFEA4-2E32-4220-AA9F-58992AB984BF}.Debug|Any CPU.Build.0 = Debug|Any CPU
		{D20AFEA4-2E32-4220-AA9F-58992AB984BF}.Release|Any CPU.ActiveCfg = Release|Any CPU
		{D20AFEA4-2E32-4220-AA9F-58992AB984BF}.Release|Any CPU.Build.0 = Release|Any CPU
	EndGlobalSection
	GlobalSection(SolutionProperties) = preSolution
		HideSolutionNode = FALSE
	EndGlobalSection
	GlobalSection(ExtensibilityGlobals) = postSolution
		SolutionGuid = {CF2508C2-184E-4C61-832E-152B387BEA84}
	EndGlobalSection
EndGlobal
